// !$*UTF8*$!
{
	archiveVersion = 1;
	classes = {
	};
	objectVersion = 50;
	objects = {

/* Begin PBXBuildFile section */
		DC9472E627D90732004EE1DC /* AppDelegate.swift in Sources */ = {isa = PBXBuildFile; fileRef = DC9472E527D90732004EE1DC /* AppDelegate.swift */; };
		DC9472E827D90732004EE1DC /* SceneDelegate.swift in Sources */ = {isa = PBXBuildFile; fileRef = DC9472E727D90732004EE1DC /* SceneDelegate.swift */; };
		DC9472EA27D90732004EE1DC /* ViewController.swift in Sources */ = {isa = PBXBuildFile; fileRef = DC9472E927D90732004EE1DC /* ViewController.swift */; };
		DC9472ED27D90732004EE1DC /* Main.storyboard in Resources */ = {isa = PBXBuildFile; fileRef = DC9472EB27D90732004EE1DC /* Main.storyboard */; };
		DC9472EF27D90733004EE1DC /* Assets.xcassets in Resources */ = {isa = PBXBuildFile; fileRef = DC9472EE27D90733004EE1DC /* Assets.xcassets */; };
		DC9472F227D90733004EE1DC /* LaunchScreen.storyboard in Resources */ = {isa = PBXBuildFile; fileRef = DC9472F027D90733004EE1DC /* LaunchScreen.storyboard */; };
		DC9472FA27D9091F004EE1DC /* Filmler.swift in Sources */ = {isa = PBXBuildFile; fileRef = DC9472F927D9091F004EE1DC /* Filmler.swift */; };
		DC9472FC27D90CC1004EE1DC /* FilmsCollectionViewCell.swift in Sources */ = {isa = PBXBuildFile; fileRef = DC9472FB27D90CC1004EE1DC /* FilmsCollectionViewCell.swift */; };
		DC9472FE27D91B2D004EE1DC /* detayVC.swift in Sources */ = {isa = PBXBuildFile; fileRef = DC9472FD27D91B2D004EE1DC /* detayVC.swift */; };
/* End PBXBuildFile section */

/* Begin PBXFileReference section */
		DC9472E227D90732004EE1DC /* UsingCollectionView.app */ = {isa = PBXFileReference; explicitFileType = wrapper.application; includeInIndex = 0; path = UsingCollectionView.app; sourceTree = BUILT_PRODUCTS_DIR; };
		DC9472E527D90732004EE1DC /* AppDelegate.swift */ = {isa = PBXFileReference; lastKnownFileType = sourcecode.swift; path = AppDelegate.swift; sourceTree = "<group>"; };
		DC9472E727D90732004EE1DC /* SceneDelegate.swift */ = {isa = PBXFileReference; lastKnownFileType = sourcecode.swift; path = SceneDelegate.swift; sourceTree = "<group>"; };
		DC9472E927D90732004EE1DC /* ViewController.swift */ = {isa = PBXFileReference; lastKnownFileType = sourcecode.swift; path = ViewController.swift; sourceTree = "<group>"; };
		DC9472EC27D90732004EE1DC /* Base */ = {isa = PBXFileReference; lastKnownFileType = file.storyboard; name = Base; path = Base.lproj/Main.storyboard; sourceTree = "<group>"; };
		DC9472EE27D90733004EE1DC /* Assets.xcassets */ = {isa = PBXFileReference; lastKnownFileType = folder.assetcatalog; path = Assets.xcassets; sourceTree = "<group>"; };
		DC9472F127D90733004EE1DC /* Base */ = {isa = PBXFileReference; lastKnownFileType = file.storyboard; name = Base; path = Base.lproj/LaunchScreen.storyboard; sourceTree = "<group>"; };
		DC9472F327D90733004EE1DC /* Info.plist */ = {isa = PBXFileReference; lastKnownFileType = text.plist.xml; path = Info.plist; sourceTree = "<group>"; };
		DC9472F927D9091F004EE1DC /* Filmler.swift */ = {isa = PBXFileReference; lastKnownFileType = sourcecode.swift; path = Filmler.swift; sourceTree = "<group>"; };
		DC9472FB27D90CC1004EE1DC /* FilmsCollectionViewCell.swift */ = {isa = PBXFileReference; lastKnownFileType = sourcecode.swift; path = FilmsCollectionViewCell.swift; sourceTree = "<group>"; };
		DC9472FD27D91B2D004EE1DC /* detayVC.swift */ = {isa = PBXFileReference; lastKnownFileType = sourcecode.swift; path = detayVC.swift; sourceTree = "<group>"; };
/* End PBXFileReference section */

/* Begin PBXFrameworksBuildPhase section */
		DC9472DF27D90732004EE1DC /* Frameworks */ = {
			isa = PBXFrameworksBuildPhase;
			buildActionMask = 2147483647;
			files = (
			);
			runOnlyForDeploymentPostprocessing = 0;
		};
/* End PBXFrameworksBuildPhase section */

/* Begin PBXGroup section */
		DC9472D927D90732004EE1DC = {
			isa = PBXGroup;
			children = (
				DC9472E427D90732004EE1DC /* UsingCollectionView */,
				DC9472E327D90732004EE1DC /* Products */,
			);
			sourceTree = "<group>";
		};
		DC9472E327D90732004EE1DC /* Products */ = {
			isa = PBXGroup;
			children = (
				DC9472E227D90732004EE1DC /* UsingCollectionView.app */,
			);
			name = Products;
			sourceTree = "<group>";
		};
		DC9472E427D90732004EE1DC /* UsingCollectionView */ = {
			isa = PBXGroup;
			children = (
				DC9472E527D90732004EE1DC /* AppDelegate.swift */,
				DC9472E727D90732004EE1DC /* SceneDelegate.swift */,
				DC9472E927D90732004EE1DC /* ViewController.swift */,
				DC9472EB27D90732004EE1DC /* Main.storyboard */,
				DC9472FD27D91B2D004EE1DC /* detayVC.swift */,
				DC9472FB27D90CC1004EE1DC /* FilmsCollectionViewCell.swift */,
				DC9472EE27D90733004EE1DC /* Assets.xcassets */,
				DC9472F927D9091F004EE1DC /* Filmler.swift */,
				DC9472F027D90733004EE1DC /* LaunchScreen.storyboard */,
				DC9472F327D90733004EE1DC /* Info.plist */,
			);
			path = UsingCollectionView;
			sourceTree = "<group>";
		};
/* End PBXGroup section */

/* Begin PBXNativeTarget section */
		DC9472E127D90732004EE1DC /* UsingCollectionView */ = {
			isa = PBXNativeTarget;
			buildConfigurationList = DC9472F627D90733004EE1DC /* Build configuration list for PBXNativeTarget "UsingCollectionView" */;
			buildPhases = (
				DC9472DE27D90732004EE1DC /* Sources */,
				DC9472DF27D90732004EE1DC /* Frameworks */,
				DC9472E027D90732004EE1DC /* Resources */,
			);
			buildRules = (
			);
			dependencies = (
			);
			name = UsingCollectionView;
			productName = UsingCollectionView;
			productReference = DC9472E227D90732004EE1DC /* UsingCollectionView.app */;
			productType = "com.apple.product-type.application";
		};
/* End PBXNativeTarget section */

/* Begin PBXProject section */
		DC9472DA27D90732004EE1DC /* Project object */ = {
			isa = PBXProject;
			attributes = {
				LastSwiftUpdateCheck = 1250;
				LastUpgradeCheck = 1250;
				TargetAttributes = {
					DC9472E127D90732004EE1DC = {
						CreatedOnToolsVersion = 12.5.1;
					};
				};
			};
			buildConfigurationList = DC9472DD27D90732004EE1DC /* Build configuration list for PBXProject "UsingCollectionView" */;
			compatibilityVersion = "Xcode 9.3";
			developmentRegion = en;
			hasScannedForEncodings = 0;
			knownRegions = (
				en,
				Base,
			);
			mainGroup = DC9472D927D90732004EE1DC;
			productRefGroup = DC9472E327D90732004EE1DC /* Products */;
			projectDirPath = "";
			projectRoot = "";
			targets = (
				DC9472E127D90732004EE1DC /* UsingCollectionView */,
			);
		};
/* End PBXProject section */

/* Begin PBXResourcesBuildPhase section */
		DC9472E027D90732004EE1DC /* Resources */ = {
			isa = PBXResourcesBuildPhase;
			buildActionMask = 2147483647;
			files = (
				DC9472F227D90733004EE1DC /* LaunchScreen.storyboard in Resources */,
				DC9472EF27D90733004EE1DC /* Assets.xcassets in Resources */,
				DC9472ED27D90732004EE1DC /* Main.storyboard in Resources */,
			);
			runOnlyForDeploymentPostprocessing = 0;
		};
/* End PBXResourcesBuildPhase section */

/* Begin PBXSourcesBuildPhase section */
		DC9472DE27D90732004EE1DC /* Sources */ = {
			isa = PBXSourcesBuildPhase;
			buildActionMask = 2147483647;
			files = (
				DC9472EA27D90732004EE1DC /* ViewController.swift in Sources */,
				DC9472E627D90732004EE1DC /* AppDelegate.swift in Sources */,
				DC9472FC27D90CC1004EE1DC /* FilmsCollectionViewCell.swift in Sources */,
				DC9472E827D90732004EE1DC /* SceneDelegate.swift in Sources */,
				DC9472FE27D91B2D004EE1DC /* detayVC.swift in Sources */,
				DC9472FA27D9091F004EE1DC /* Filmler.swift in Sources */,
			);
			runOnlyForDeploymentPostprocessing = 0;
		};
/* End PBXSourcesBuildPhase section */

/* Begin PBXVariantGroup section */
		DC9472EB27D90732004EE1DC /* Main.storyboard */ = {
			isa = PBXVariantGroup;
			children = (
				DC9472EC27D90732004EE1DC /* Base */,
			);
			name = Main.storyboard;
			sourceTree = "<group>";
		};
		DC9472F027D90733004EE1DC /* LaunchScreen.storyboard */ = {
			isa = PBXVariantGroup;
			children = (
				DC9472F127D90733004EE1DC /* Base */,
			);
			name = LaunchScreen.storyboard;
			sourceTree = "<group>";
		};
/* End PBXVariantGroup section */

/* Begin XCBuildConfiguration section */
		DC9472F427D90733004EE1DC /* Debug */ = {
			isa = XCBuildConfiguration;
			buildSettings = {
				ALWAYS_SEARCH_USER_PATHS = NO;
				CLANG_ANALYZER_NONNULL = YES;
				CLANG_ANALYZER_NUMBER_OBJECT_CONVERSION = YES_AGGRESSIVE;
				CLANG_CXX_LANGUAGE_STANDARD = "gnu++14";
				CLANG_CXX_LIBRARY = "libc++";
				CLANG_ENABLE_MODULES = YES;
				CLANG_ENABLE_OBJC_ARC = YES;
				CLANG_ENABLE_OBJC_WEAK = YES;
				CLANG_WARN_BLOCK_CAPTURE_AUTORELEASING = YES;
				CLANG_WARN_BOOL_CONVERSION = YES;
				CLANG_WARN_COMMA = YES;
				CLANG_WARN_CONSTANT_CONVERSION = YES;
				CLANG_WARN_DEPRECATED_OBJC_IMPLEMENTATIONS = YES;
				CLANG_WARN_DIRECT_OBJC_ISA_USAGE = YES_ERROR;
				CLANG_WARN_DOCUMENTATION_COMMENTS = YES;
				CLANG_WARN_EMPTY_BODY = YES;
				CLANG_WARN_ENUM_CONVERSION = YES;
				CLANG_WARN_INFINITE_RECURSION = YES;
				CLANG_WARN_INT_CONVERSION = YES;
				CLANG_WARN_NON_LITERAL_NULL_CONVERSION = YES;
				CLANG_WARN_OBJC_IMPLICIT_RETAIN_SELF = YES;
				CLANG_WARN_OBJC_LITERAL_CONVERSION = YES;
				CLANG_WARN_OBJC_ROOT_CLASS = YES_ERROR;
				CLANG_WARN_QUOTED_INCLUDE_IN_FRAMEWORK_HEADER = YES;
				CLANG_WARN_RANGE_LOOP_ANALYSIS = YES;
				CLANG_WARN_STRICT_PROTOTYPES = YES;
				CLANG_WARN_SUSPICIOUS_MOVE = YES;
				CLANG_WARN_UNGUARDED_AVAILABILITY = YES_AGGRESSIVE;
				CLANG_WARN_UNREACHABLE_CODE = YES;
				CLANG_WARN__DUPLICATE_METHOD_MATCH = YES;
				COPY_PHASE_STRIP = NO;
				DEBUG_INFORMATION_FORMAT = dwarf;
				ENABLE_STRICT_OBJC_MSGSEND = YES;
				ENABLE_TESTABILITY = YES;
				GCC_C_LANGUAGE_STANDARD = gnu11;
				GCC_DYNAMIC_NO_PIC = NO;
				GCC_NO_COMMON_BLOCKS = YES;
				GCC_OPTIMIZATION_LEVEL = 0;
				GCC_PREPROCESSOR_DEFINITIONS = (
					"DEBUG=1",
					"$(inherited)",
				);
				GCC_WARN_64_TO_32_BIT_CONVERSION = YES;
				GCC_WARN_ABOUT_RETURN_TYPE = YES_ERROR;
				GCC_WARN_UNDECLARED_SELECTOR = YES;
				GCC_WARN_UNINITIALIZED_AUTOS = YES_AGGRESSIVE;
				GCC_WARN_UNUSED_FUNCTION = YES;
				GCC_WARN_UNUSED_VARIABLE = YES;
				IPHONEOS_DEPLOYMENT_TARGET = 14.5;
				MTL_ENABLE_DEBUG_INFO = INCLUDE_SOURCE;
				MTL_FAST_MATH = YES;
				ONLY_ACTIVE_ARCH = YES;
				SDKROOT = iphoneos;
				SWIFT_ACTIVE_COMPILATION_CONDITIONS = DEBUG;
				SWIFT_OPTIMIZATION_LEVEL = "-Onone";
			};
			name = Debug;
		};
		DC9472F527D90733004EE1DC /* Release */ = {
			isa = XCBuildConfiguration;
			buildSettings = {
				ALWAYS_SEARCH_USER_PATHS = NO;
				CLANG_ANALYZER_NONNULL = YES;
				CLANG_ANALYZER_NUMBER_OBJECT_CONVERSION = YES_AGGRESSIVE;
				CLANG_CXX_LANGUAGE_STANDARD = "gnu++14";
				CLANG_CXX_LIBRARY = "libc++";
				CLANG_ENABLE_MODULES = YES;
				CLANG_ENABLE_OBJC_ARC = YES;
				CLANG_ENABLE_OBJC_WEAK = YES;
				CLANG_WARN_BLOCK_CAPTURE_AUTORELEASING = YES;
				CLANG_WARN_BOOL_CONVERSION = YES;
				CLANG_WARN_COMMA = YES;
				CLANG_WARN_CONSTANT_CONVERSION = YES;
				CLANG_WARN_DEPRECATED_OBJC_IMPLEMENTATIONS = YES;
				CLANG_WARN_DIRECT_OBJC_ISA_USAGE = YES_ERROR;
				CLANG_WARN_DOCUMENTATION_COMMENTS = YES;
				CLANG_WARN_EMPTY_BODY = YES;
				CLANG_WARN_ENUM_CONVERSION = YES;
				CLANG_WARN_INFINITE_RECURSION = YES;
				CLANG_WARN_INT_CONVERSION = YES;
				CLANG_WARN_NON_LITERAL_NULL_CONVERSION = YES;
				CLANG_WARN_OBJC_IMPLICIT_RETAIN_SELF = YES;
				CLANG_WARN_OBJC_LITERAL_CONVERSION = YES;
				CLANG_WARN_OBJC_ROOT_CLASS = YES_ERROR;
				CLANG_WARN_QUOTED_INCLUDE_IN_FRAMEWORK_HEADER = YES;
				CLANG_WARN_RANGE_LOOP_ANALYSIS = YES;
				CLANG_WARN_STRICT_PROTOTYPES = YES;
				CLANG_WARN_SUSPICIOUS_MOVE = YES;
				CLANG_WARN_UNGUARDED_AVAILABILITY = YES_AGGRESSIVE;
				CLANG_WARN_UNREACHABLE_CODE = YES;
				CLANG_WARN__DUPLICATE_METHOD_MATCH = YES;
				COPY_PHASE_STRIP = NO;
				DEBUG_INFORMATION_FORMAT = "dwarf-with-dsym";
				ENABLE_NS_ASSERTIONS = NO;
				ENABLE_STRICT_OBJC_MSGSEND = YES;
				GCC_C_LANGUAGE_STANDARD = gnu11;
				GCC_NO_COMMON_BLOCKS = YES;
				GCC_WARN_64_TO_32_BIT_CONVERSION = YES;
				GCC_WARN_ABOUT_RETURN_TYPE = YES_ERROR;
				GCC_WARN_UNDECLARED_SELECTOR = YES;
				GCC_WARN_UNINITIALIZED_AUTOS = YES_AGGRESSIVE;
				GCC_WARN_UNUSED_FUNCTION = YES;
				GCC_WARN_UNUSED_VARIABLE = YES;
				IPHONEOS_DEPLOYMENT_TARGET = 14.5;
				MTL_ENABLE_DEBUG_INFO = NO;
				MTL_FAST_MATH = YES;
				SDKROOT = iphoneos;
				SWIFT_COMPILATION_MODE = wholemodule;
				SWIFT_OPTIMIZATION_LEVEL = "-O";
				VALIDATE_PRODUCT = YES;
			};
			name = Release;
		};
		DC9472F727D90733004EE1DC /* Debug */ = {
			isa = XCBuildConfiguration;
			buildSettings = {
				ASSETCATALOG_COMPILER_APPICON_NAME = AppIcon;
				ASSETCATALOG_COMPILER_GLOBAL_ACCENT_COLOR_NAME = AccentColor;
				CODE_SIGN_STYLE = Automatic;
				DEVELOPMENT_TEAM = NVN42XWXC5;
				INFOPLIST_FILE = UsingCollectionView/Info.plist;
				LD_RUNPATH_SEARCH_PATHS = (
					"$(inherited)",
					"@executable_path/Frameworks",
				);
				PRODUCT_BUNDLE_IDENTIFIER = com.furkanerzurumlu.UsingCollectionView;
				PRODUCT_NAME = "$(TARGET_NAME)";
				SWIFT_VERSION = 5.0;
				TARGETED_DEVICE_FAMILY = "1,2";
			};
			name = Debug;
		};
		DC9472F827D90733004EE1DC /* Release */ = {
			isa = XCBuildConfiguration;
			buildSettings = {
				ASSETCATALOG_COMPILER_APPICON_NAME = AppIcon;
				ASSETCATALOG_COMPILER_GLOBAL_ACCENT_COLOR_NAME = AccentColor;
				CODE_SIGN_STYLE = Automatic;
				DEVELOPMENT_TEAM = NVN42XWXC5;
				INFOPLIST_FILE = UsingCollectionView/Info.plist;
				LD_RUNPATH_SEARCH_PATHS = (
					"$(inherited)",
					"@executable_path/Frameworks",
				);
				PRODUCT_BUNDLE_IDENTIFIER = com.furkanerzurumlu.UsingCollectionView;
				PRODUCT_NAME = "$(TARGET_NAME)";
				SWIFT_VERSION = 5.0;
				TARGETED_DEVICE_FAMILY = "1,2";
			};
			name = Release;
		};
/* End XCBuildConfiguration section */

/* Begin XCConfigurationList section */
		DC9472DD27D90732004EE1DC /* Build configuration list for PBXProject "UsingCollectionView" */ = {
			isa = XCConfigurationList;
			buildConfigurations = (
				DC9472F427D90733004EE1DC /* Debug */,
				DC9472F527D90733004EE1DC /* Release */,
			);
			defaultConfigurationIsVisible = 0;
			defaultConfigurationName = Release;
		};
		DC9472F627D90733004EE1DC /* Build configuration list for PBXNativeTarget "UsingCollectionView" */ = {
			isa = XCConfigurationList;
			buildConfigurations = (
				DC9472F727D90733004EE1DC /* Debug */,
				DC9472F827D90733004EE1DC /* Release */,
			);
			defaultConfigurationIsVisible = 0;
			defaultConfigurationName = Release;
		};
/* End XCConfigurationList section */
	};
	rootObject = DC9472DA27D90732004EE1DC /* Project object */;
}
